github.com/Splidejs/splide v4.1.3+incompatible h1:ms0c3Tem9Bq7qcr88nLspZi2SW14mYnj4CVuHGqJbzA=
github.com/Splidejs/splide v4.1.3+incompatible/go.mod h1:N10tHuOP81a5HGua3PmZVrpMiBmf/KhId8jZt0oShNk=
github.com/dixonandmoe/rellax v0.0.0-20240824005335-9ed6cb0aae03 h1:TyZM0MK9+09/vGdnH8N9xVFix5f1vzU90V5WCyL16oE=
github.com/dixonandmoe/rellax v0.0.0-20240824005335-9ed6cb0aae03/go.mod h1:CJ8UtS8LPLOSmpvwRkQJkwqOwwXaDfH5S7iG83GKAlY=
github.com/gohugoio/hugo-mod-bootstrap-scss/v5 v5.20300.20400 h1:L6+F22i76xmeWWwrtijAhUbf3BiRLmpO5j34bgl1ggU=
github.com/gohugoio/hugo-mod-bootstrap-scss/v5 v5.20300.20400/go.mod h1:uekq1D4ebeXgduLj8VIZy8TgfTjrLdSl6nPtVczso78=
github.com/gohugoio/hugo-mod-jslibs-dist/popperjs/v2 v2.21100.20000 h1:GZxx4Hc+yb0/t3/rau1j8XlAxLE4CyXns2fqQbyqWfs=
github.com/gohugoio/hugo-mod-jslibs-dist/popperjs/v2 v2.21100.20000/go.mod h1:mFberT6ZtcchrsDtfvJM7aAH2bDKLdOnruUHl0hlapI=
github.com/hugolify/hugolify-theme v1.25.3 h1:Vb+dzoGIBq3kkyszOvbJTiRQt8z/r1Blxb3X+pxMyPA=
github.com/hugolify/hugolify-theme v1.25.3/go.mod h1:Rc64eJSSIWGeU6eHfSzUISNfL9UrJmy3Xs3H05Gz9rQ=
github.com/hugolify/hugolify-theme-2 v1.0.7 h1:HvWYQUTtp8eX3xnvKi8Y6kMk7FECA4thZJBBOZJ5OpU=
github.com/hugolify/hugolify-theme-2 v1.0.7/go.mod h1:OzXucncKFrQnf1OAOiXTPTqVcGLTj/6WmVC+0doEv6E=
github.com/hugolify/hugolify-theme-expertises v1.1.2 h1:XiLQCXtTjroKXh6d9PkexUiWBRW+gAv6IBd8aojR3PA=
github.com/hugolify/hugolify-theme-expertises v1.1.2/go.mod h1:zBgtHCrXV/Y/9Y5C+gF+sEyMYls41BJ4g1uHkxmjUxc=
github.com/hugolify/hugolify-theme-persons v1.3.25 h1:Fe6rGYhNcFrzaOLmsqNX/Us4BXkILpCdqefjgRU+yxs=
github.com/hugolify/hugolify-theme-persons v1.3.25/go.mod h1:x6Gk/koepvu90W+Y6W0+F+5qqBx+lpeTZUonZUkCz1w=
github.com/hugolify/hugolify-theme-persons-expertises v1.0.5 h1:GrGJYisXdx1mCaztUJGykq+7Qe8+BWGbyNoduzanoAM=
github.com/hugolify/hugolify-theme-persons-expertises v1.0.5/go.mod h1:IAchs3PkkihEqxLoGksvBaUs99+O6PK2WhTB/lgbPNI=
github.com/hugolify/hugolify-theme-persons-statutes v1.1.11 h1:UdyMqd8lbdu8hn7amy/hQHOhrWeaiexfI8zOlEJKa5s=
github.com/hugolify/hugolify-theme-persons-statutes v1.1.11/go.mod h1:/eWhaX5TxpPMzR6B/p071ViwbAllrqqCv6Soqta6FjY=
github.com/hugolify/hugolify-theme-posts v1.2.7 h1:yadJzmqevz8KoMqWZmm5+MjLxfOaHxUdYFj7tp74Khg=
github.com/hugolify/hugolify-theme-posts v1.2.7/go.mod h1:YId8/w9DiCOEUA176HdhJVJyZgMyfwW91bwqutsFgUE=
github.com/hugolify/hugolify-theme-posts-authors v1.0.13 h1:DP1fw5iC0YxJqGUe5bHnqsqqUwPyvllZhgG9PSlNr/I=
github.com/hugolify/hugolify-theme-posts-authors v1.0.13/go.mod h1:V1af8vVOZE8qiVsDzS5O6gdDOSCNAud1U2YE10q2kQ4=
github.com/hugolify/hugolify-theme-posts-categories v1.0.13 h1:QZjWakrFCA+9ShpVsyRl8HLnhaj6oNXNUjgD+/gbLq4=
github.com/hugolify/hugolify-theme-posts-categories v1.0.13/go.mod h1:/NM6mvb2A9+6jfX9TDeWLe1lldiYmcNub2AChtDtELw=
github.com/hugolify/hugolify-theme-posts-expertises v1.0.4 h1:uI/0M11lxWCKFTQjEBFXWCOrus28tidg1x+qEPYILBI=
github.com/hugolify/hugolify-theme-posts-expertises v1.0.4/go.mod h1:KEcVQCfM8ERlIMFnIyfrNONtbhypgOj080ff9mhFDik=
github.com/hugolify/hugolify-theme-posts-tags v1.1.1 h1:gnQFP6BXnSFeAjl8yExjO7Wgn+hcAaPHQumco+/oXg0=
github.com/hugolify/hugolify-theme-posts-tags v1.1.1/go.mod h1:k5z58SwY4stCn2kFCkwm//b7jqoMVnxqtg8uzmnQNFA=
github.com/hugolify/hugolify-theme-publications v1.2.8 h1:oqPuPdQQyQSN/C7rt+QAAgewunOfjJyzlMXtWtGtwM0=
github.com/hugolify/hugolify-theme-publications v1.2.8/go.mod h1:N9Jz49GpilAfNqIbvSVeCQZXgesHz7sSIOBVx8FH6+A=
github.com/hugolify/hugolify-theme-publications-categories v1.0.6 h1:gNK4GLciwbtlRCAvc6+6aRwSv+JMDY2DwLTpGxVyhp4=
github.com/hugolify/hugolify-theme-publications-categories v1.0.6/go.mod h1:n5/WMQrllPnuWX9lWX6DMTwdYk2UD8kZo8qh5jAM/94=
github.com/hugolify/hugolify-theme-publications-expertises v1.0.4 h1:zH3DCm0sFzK63Dnv2hD2AVmPJt65pziFXCEESdwD/DE=
github.com/hugolify/hugolify-theme-publications-expertises v1.0.4/go.mod h1:N0feIjx4bNsX0VYIPeBRpSPeTZmMeiLKW82rmCtmVXw=
github.com/hugolify/hugolify-theme-publications-persons v1.1.5 h1:dngJ4CViwrATnwnAXEbsMw3aaoGUZVXkhUdepiEj45A=
github.com/hugolify/hugolify-theme-publications-persons v1.1.5/go.mod h1:G4luGI84c3ZJZbyrNEFBxWVugkobfq7FBu+oYjPEV2M=
github.com/hugolify/lawyerify-example-site-associates v1.0.0 h1:7gy7geLMqTAPB12Q1oWSLZylrd2CxjosuP2lmdnqOZg=
github.com/hugolify/lawyerify-example-site-associates v1.0.0/go.mod h1:meWJkeJGsH8r7vxGNYUe0oUdNunrRPC0BKTBZYfQp+I=
github.com/hugolify/lawyerify-theme v1.4.4 h1:jJGJ7PT80rQfpltKygl03Mt8d/JDZuc92NAbKtv1J6s=
github.com/hugolify/lawyerify-theme v1.4.4/go.mod h1:EaSRakmaToQkaj3vYzXv9qutsNcnfxXUjyMYCX4uRHk=
github.com/midzer/tobii v2.8.4+incompatible h1:5eJvU66HkGVhztmRF3FV7vNABOViXiVVUZ4yH4INlGM=
github.com/midzer/tobii v2.8.4+incompatible/go.mod h1:ByXFkVm8ja2+TXT7L+lfkdEIeHW4IdWdsQO8zJ5mEqA=
github.com/orestbida/cookieconsent v3.1.0+incompatible h1:L2uj16SEL1bICkn6pJde9uc1qAPmTcEiFZO93zZKdQI=
github.com/orestbida/cookieconsent v3.1.0+incompatible/go.mod h1:8N46VI/40AwvzASJDpiwfbu6zylSzKSDZRUVNmVXLxw=
github.com/twbs/bootstrap v5.3.3+incompatible/go.mod h1:fZTSrkpSf0/HkL0IIJzvVspTt1r9zuf7XlZau8kpcY0=
github.com/twbs/bootstrap v5.3.7+incompatible h1:ea1W8TOWZFkqSK2M0McpgzLiUQVru3bz8aHb0j/XtuM=
github.com/twbs/bootstrap v5.3.7+incompatible/go.mod h1:fZTSrkpSf0/HkL0IIJzvVspTt1r9zuf7XlZau8kpcY0=
github.com/twbs/icons v1.13.1 h1:6bmNXvoeIbvjFWjfbjXg5JGbelLD1haIsMaEIzE9UZI=
github.com/twbs/icons v1.13.1/go.mod h1:GnRlymgVWp5iVJCMa0Me5b6tFyGpVc2bSxPMRGIJmyA=
