github.com/Splidejs/splide v4.1.3+incompatible h1:ms0c3Tem9Bq7qcr88nLspZi2SW14mYnj4CVuHGqJbzA=
github.com/Splidejs/splide v4.1.3+incompatible/go.mod h1:N10tHuOP81a5HGua3PmZVrpMiBmf/KhId8jZt0oShNk=
github.com/dixonandmoe/rellax v0.0.0-20240824005335-9ed6cb0aae03 h1:TyZM0MK9+09/vGdnH8N9xVFix5f1vzU90V5WCyL16oE=
github.com/dixonandmoe/rellax v0.0.0-20240824005335-9ed6cb0aae03/go.mod h1:CJ8UtS8LPLOSmpvwRkQJkwqOwwXaDfH5S7iG83GKAlY=
github.com/gohugoio/hugo-mod-bootstrap-scss/v5 v5.20300.20800 h1:j5myhhzYwIHTr5ctK96Elfgp5uRROvrlTzYwwe1nF8o=
github.com/gohugoio/hugo-mod-bootstrap-scss/v5 v5.20300.20800/go.mod h1:P5GGyhdxi00C5zW7vkRo/IS532gZY/YS2TS395Xaxho=
github.com/gohugoio/hugo-mod-jslibs-dist/popperjs/v2 v2.21100.20000 h1:GZxx4Hc+yb0/t3/rau1j8XlAxLE4CyXns2fqQbyqWfs=
github.com/gohugoio/hugo-mod-jslibs-dist/popperjs/v2 v2.21100.20000/go.mod h1:mFberT6ZtcchrsDtfvJM7aAH2bDKLdOnruUHl0hlapI=
github.com/hugolify/hugolify-admin v0.9.1 h1:8HPTBodME+MywUbFszNqubHNcGkFMKmy0yl2wO62nFY=
github.com/hugolify/hugolify-admin v0.9.1/go.mod h1:qB7ndiuXR6XZu3r9UX3LtTHnrMF98U7vJHg6XXb6NvA=
github.com/hugolify/hugolify-theme v1.27.8 h1:QUaQHDWA8xVKMOkix0SpjNAQ5DMB9eMVxrIBFhZ3bLo=
github.com/hugolify/hugolify-theme v1.27.8/go.mod h1:Rc64eJSSIWGeU6eHfSzUISNfL9UrJmy3Xs3H05Gz9rQ=
github.com/hugolify/hugolify-theme-expertises v1.1.3 h1:HYyRdntjZ8v6CQJeRzckK7mtg4a4DbyuDlmIiKMURSE=
github.com/hugolify/hugolify-theme-expertises v1.1.3/go.mod h1:zBgtHCrXV/Y/9Y5C+gF+sEyMYls41BJ4g1uHkxmjUxc=
github.com/hugolify/hugolify-theme-persons v1.3.26 h1:APxEu7cCSxFPyyE0TGlzRZtKUGL+2P1349tRsOzOnG4=
github.com/hugolify/hugolify-theme-persons v1.3.26/go.mod h1:x6Gk/koepvu90W+Y6W0+F+5qqBx+lpeTZUonZUkCz1w=
github.com/hugolify/hugolify-theme-persons-expertises v1.0.6 h1:BcfAJ6Icntdl7eejeudy2t0du1ql17wFsaPUhvVbA3w=
github.com/hugolify/hugolify-theme-persons-expertises v1.0.6/go.mod h1:IAchs3PkkihEqxLoGksvBaUs99+O6PK2WhTB/lgbPNI=
github.com/hugolify/hugolify-theme-persons-places v1.1.5 h1:g7qqqzg/gzVmw54dOP0+0EeOGlbPBpEjYmb4qaEzk/U=
github.com/hugolify/hugolify-theme-persons-places v1.1.5/go.mod h1:v2u3pBk3nplBd/rJgnWb8JfnSia6TCnlWY/SyCMEY6o=
github.com/hugolify/hugolify-theme-persons-statutes v1.1.12 h1:DbH0jLNQAyeHkYHRfIqKAG30mpul3ZT0oRmGU0G6XEo=
github.com/hugolify/hugolify-theme-persons-statutes v1.1.12/go.mod h1:/eWhaX5TxpPMzR6B/p071ViwbAllrqqCv6Soqta6FjY=
github.com/hugolify/hugolify-theme-places v1.2.4 h1:5F10iF96ac3+8f8XNOpL5BJBq5eJ7XIQ7a5fRrnGlgE=
github.com/hugolify/hugolify-theme-places v1.2.4/go.mod h1:PCG6B4DqYrhNcdJS1D632yQ0jROHoMYFlyLHv0sFeFo=
github.com/hugolify/hugolify-theme-posts v1.2.8 h1:E7OQlNyYDY03Pye0unxZ4207lGhhTICICM8g5nRfFs4=
github.com/hugolify/hugolify-theme-posts v1.2.8/go.mod h1:YId8/w9DiCOEUA176HdhJVJyZgMyfwW91bwqutsFgUE=
github.com/hugolify/hugolify-theme-posts-authors v1.0.14 h1:5nO7IfVDXGNnqOnHukuddwPbKjRdAtDEJHNGiloU1Ww=
github.com/hugolify/hugolify-theme-posts-authors v1.0.14/go.mod h1:V1af8vVOZE8qiVsDzS5O6gdDOSCNAud1U2YE10q2kQ4=
github.com/hugolify/hugolify-theme-posts-categories v1.0.15 h1:9rXpPv4IOwOS+ZCoe4Y8aQGG/K7fo929flrEtUGw2UM=
github.com/hugolify/hugolify-theme-posts-categories v1.0.15/go.mod h1:/NM6mvb2A9+6jfX9TDeWLe1lldiYmcNub2AChtDtELw=
github.com/hugolify/hugolify-theme-posts-expertises v1.0.5 h1:2N/UPfJF8PlSJUwFzLnkCXjWI2RQPghSTXdM/PvCKBQ=
github.com/hugolify/hugolify-theme-posts-expertises v1.0.5/go.mod h1:KEcVQCfM8ERlIMFnIyfrNONtbhypgOj080ff9mhFDik=
github.com/hugolify/hugolify-theme-posts-tags v1.1.3 h1:zLhcp4T4qksviRft7j3nFpVBGYxQhXSQyzzMbGwuIkc=
github.com/hugolify/hugolify-theme-posts-tags v1.1.3/go.mod h1:k5z58SwY4stCn2kFCkwm//b7jqoMVnxqtg8uzmnQNFA=
github.com/hugolify/hugolify-theme-publications v1.2.11 h1:yBV/SMX0ajR81SCXXhv+ezfls+7zdSX5SSam7/Qn49A=
github.com/hugolify/hugolify-theme-publications v1.2.11/go.mod h1:N9Jz49GpilAfNqIbvSVeCQZXgesHz7sSIOBVx8FH6+A=
github.com/hugolify/hugolify-theme-publications-categories v1.0.7 h1:aqtFhWa1amqoyaPiQgjQ9y4sQzWv4rjDcMLECtmZaLI=
github.com/hugolify/hugolify-theme-publications-categories v1.0.7/go.mod h1:n5/WMQrllPnuWX9lWX6DMTwdYk2UD8kZo8qh5jAM/94=
github.com/hugolify/hugolify-theme-publications-expertises v1.0.5 h1:98JlulRxuBy8/pQZcn8+fJaU29rz1wPoP3hmNWntv30=
github.com/hugolify/hugolify-theme-publications-expertises v1.0.5/go.mod h1:N0feIjx4bNsX0VYIPeBRpSPeTZmMeiLKW82rmCtmVXw=
github.com/hugolify/hugolify-theme-publications-persons v1.1.6 h1:L2ycREkSEb8rQDUqVqxXjdSvF8c00HoUxKYi82C7Hvg=
github.com/hugolify/hugolify-theme-publications-persons v1.1.6/go.mod h1:G4luGI84c3ZJZbyrNEFBxWVugkobfq7FBu+oYjPEV2M=
github.com/hugolify/hugolify-theme-realestates v1.2.1 h1:tDA8lWZX0G7f705gsMpbMwuja2ODK0b+U0ddYj0o8TU=
github.com/hugolify/hugolify-theme-realestates v1.2.1/go.mod h1:MfGSBmhZnIiiFOSvfj9al8jCblytK3NLgZmMa9wZQ5Y=
github.com/hugolify/hugolify-theme-realestates-categories v1.1.7 h1:k6yHxBJtzu6oUs7IzjciPqTV8PhTOgPN6Vrnntes8CI=
github.com/hugolify/hugolify-theme-realestates-categories v1.1.7/go.mod h1:/bSB/d7zJ+2fshHKNi3SAsrkEal1WVHTYlqm1s8/5jk=
github.com/hugolify/hugolify-theme-realestates-persons v1.0.11 h1:OA8iWXnEI9+RRs2m+pdBkSJ5wboEJ8BCLm8L4bLiEfc=
github.com/hugolify/hugolify-theme-realestates-persons v1.0.11/go.mod h1:32U9C+2lXp6LPw2MOWArL0AFI/Sy/LV4+wjtB1eFYos=
github.com/hugolify/hugolify-theme-realestates-sellers v1.0.4 h1:cCyx7RwWu8iNC60k0yYGa8VVTF302KFTkF3neZVLwUc=
github.com/hugolify/hugolify-theme-realestates-sellers v1.0.4/go.mod h1:gr+Cti4mGmkcTpkVGiLItYyc/wsyvIY91O5LTUcNicc=
github.com/midzer/tobii v3.1.3+incompatible h1:3h2eGycwcHuTWeBLg5bqCLx3EcPSV1rHT1btiu4A3k0=
github.com/midzer/tobii v3.1.3+incompatible/go.mod h1:ByXFkVm8ja2+TXT7L+lfkdEIeHW4IdWdsQO8zJ5mEqA=
github.com/orestbida/cookieconsent v3.1.0+incompatible h1:L2uj16SEL1bICkn6pJde9uc1qAPmTcEiFZO93zZKdQI=
github.com/orestbida/cookieconsent v3.1.0+incompatible/go.mod h1:8N46VI/40AwvzASJDpiwfbu6zylSzKSDZRUVNmVXLxw=
github.com/twbs/bootstrap v5.3.8+incompatible h1:eK1fsXP7R/FWFt+sSNmmvUH9usPocf240nWVw7Dh02o=
github.com/twbs/bootstrap v5.3.8+incompatible/go.mod h1:fZTSrkpSf0/HkL0IIJzvVspTt1r9zuf7XlZau8kpcY0=
github.com/twbs/icons v1.13.1 h1:6bmNXvoeIbvjFWjfbjXg5JGbelLD1haIsMaEIzE9UZI=
github.com/twbs/icons v1.13.1/go.mod h1:GnRlymgVWp5iVJCMa0Me5b6tFyGpVc2bSxPMRGIJmyA=
github.com/uncinq/lawyerify-example-site v1.2.6 h1:IkMdzgwsU0RHsPBZHCE5oKERcRJB2D8bL9v9WB9tEI8=
github.com/uncinq/lawyerify-example-site v1.2.6/go.mod h1:pHhcZwW82mTXJ/9oPhPx8kBYQ5AuiZZWBWvWDjdBQLo=
github.com/uncinq/lawyerify-theme v1.5.1 h1:Men0WNlbt20E5MqobE8prMD3vimAyUdM5H7KeFJiL3U=
github.com/uncinq/lawyerify-theme v1.5.1/go.mod h1:AXOCHHxJZINRj0Sglxt+LxAKY/7Ed6Dhkfi4LDZDh3Q=
